
Microsoft Visual Studio Solution File, Format Version 12.00
# Visual Studio Version 17
VisualStudioVersion = 17.5.002.0
MinimumVisualStudioVersion = 10.0.40219.1
Project("{2150E333-8FDC-42A3-9474-1A3956D46DE8}") = "Projects", "Projects", "{800C7456-3ED1-4F6F-AC33-A91AFC54CCED}"
EndProject
Project("{9A19103F-16F7-4668-BE54-9A1E7A4F7556}") = "FirstWebMVC", "Projects\FirstWebMVC\FirstWebMVC.csproj", "{E7ABF988-A3C2-466D-B5A9-C69FE2086FEC}"
EndProject
Project("{9A19103F-16F7-4668-BE54-9A1E7A4F7556}") = "NewApp", "Projects\NewApp\NewApp.csproj", "{3A0C1835-442C-4D3A-8C0B-7A0F2B02D360}"
EndProject
Global
	GlobalSection(SolutionConfigurationPlatforms) = preSolution
		Debug|Any CPU = Debug|Any CPU
		Release|Any CPU = Release|Any CPU
	EndGlobalSection
	GlobalSection(ProjectConfigurationPlatforms) = postSolution
		{E7ABF988-A3C2-466D-B5A9-C69FE2086FEC}.Debug|Any CPU.ActiveCfg = Debug|Any CPU
		{E7ABF988-A3C2-466D-B5A9-C69FE2086FEC}.Debug|Any CPU.Build.0 = Debug|Any CPU
		{E7ABF988-A3C2-466D-B5A9-C69FE2086FEC}.Release|Any CPU.ActiveCfg = Release|Any CPU
		{E7ABF988-A3C2-466D-B5A9-C69FE2086FEC}.Release|Any CPU.Build.0 = Release|Any CPU
		{3A0C1835-442C-4D3A-8C0B-7A0F2B02D360}.Debug|Any CPU.ActiveCfg = Debug|Any CPU
		{3A0C1835-442C-4D3A-8C0B-7A0F2B02D360}.Debug|Any CPU.Build.0 = Debug|Any CPU
		{3A0C1835-442C-4D3A-8C0B-7A0F2B02D360}.Release|Any CPU.ActiveCfg = Release|Any CPU
		{3A0C1835-442C-4D3A-8C0B-7A0F2B02D360}.Release|Any CPU.Build.0 = Release|Any CPU
	EndGlobalSection
	GlobalSection(SolutionProperties) = preSolution
		HideSolutionNode = FALSE
	EndGlobalSection
	GlobalSection(NestedProjects) = preSolution
		{E7ABF988-A3C2-466D-B5A9-C69FE2086FEC} = {800C7456-3ED1-4F6F-AC33-A91AFC54CCED}
		{3A0C1835-442C-4D3A-8C0B-7A0F2B02D360} = {800C7456-3ED1-4F6F-AC33-A91AFC54CCED}
	EndGlobalSection
	GlobalSection(ExtensibilityGlobals) = postSolution
		SolutionGuid = {7B7B3808-BB9B-4F36-9555-E7CF098BF997}
	EndGlobalSection
EndGlobal
