
Microsoft Visual Studio Solution File, Format Version 12.00
# Visual Studio Version 17
VisualStudioVersion = 17.5.002.0
MinimumVisualStudioVersion = 10.0.40219.1
Project("{2150E333-8FDC-42A3-9474-1A3956D46DE8}") = "Projects", "Projects", "{39238E43-D390-4E25-91DC-97A08CBAF5B4}"
EndProject
Project("{9A19103F-16F7-4668-BE54-9A1E7A4F7556}") = "FirstWebMVC", "Projects\FirstWebMVC\FirstWebMVC.csproj", "{7612D269-9623-41EA-AC05-46A58067A5A2}"
EndProject
Project("{9A19103F-16F7-4668-BE54-9A1E7A4F7556}") = "NewApp", "Projects\NewApp\NewApp.csproj", "{D1830104-EB46-43E4-9287-B22C36828A19}"
EndProject
Global
	GlobalSection(SolutionConfigurationPlatforms) = preSolution
		Debug|Any CPU = Debug|Any CPU
		Release|Any CPU = Release|Any CPU
	EndGlobalSection
	GlobalSection(ProjectConfigurationPlatforms) = postSolution
		{7612D269-9623-41EA-AC05-46A58067A5A2}.Debug|Any CPU.ActiveCfg = Debug|Any CPU
		{7612D269-9623-41EA-AC05-46A58067A5A2}.Debug|Any CPU.Build.0 = Debug|Any CPU
		{7612D269-9623-41EA-AC05-46A58067A5A2}.Release|Any CPU.ActiveCfg = Release|Any CPU
		{7612D269-9623-41EA-AC05-46A58067A5A2}.Release|Any CPU.Build.0 = Release|Any CPU
		{D1830104-EB46-43E4-9287-B22C36828A19}.Debug|Any CPU.ActiveCfg = Debug|Any CPU
		{D1830104-EB46-43E4-9287-B22C36828A19}.Debug|Any CPU.Build.0 = Debug|Any CPU
		{D1830104-EB46-43E4-9287-B22C36828A19}.Release|Any CPU.ActiveCfg = Release|Any CPU
		{D1830104-EB46-43E4-9287-B22C36828A19}.Release|Any CPU.Build.0 = Release|Any CPU
	EndGlobalSection
	GlobalSection(SolutionProperties) = preSolution
		HideSolutionNode = FALSE
	EndGlobalSection
	GlobalSection(NestedProjects) = preSolution
		{7612D269-9623-41EA-AC05-46A58067A5A2} = {39238E43-D390-4E25-91DC-97A08CBAF5B4}
		{D1830104-EB46-43E4-9287-B22C36828A19} = {39238E43-D390-4E25-91DC-97A08CBAF5B4}
	EndGlobalSection
	GlobalSection(ExtensibilityGlobals) = postSolution
		SolutionGuid = {95A4245C-C1E7-4374-AC8E-424BEEA97043}
	EndGlobalSection
EndGlobal
